// !$*UTF8*$!
{
	archiveVersion = 1;
	classes = {
	};
	objectVersion = 46;
	objects = {

/* Begin PBXBuildFile section */
		6BBF3C8320B125CE0071B87C /* GTLR.framework in Frameworks */ = {isa = PBXBuildFile; fileRef = 6BBF3C7320B125B00071B87C /* GTLR.framework */; };
		6BBF3C9F20B137530071B87C /* GTLRYouTubeQuery.m in Sources */ = {isa = PBXBuildFile; fileRef = 6BBF3C9120B137530071B87C /* GTLRYouTubeQuery.m */; };
		6BBF3CA020B137530071B87C /* GTLRYouTubeService.m in Sources */ = {isa = PBXBuildFile; fileRef = 6BBF3C9420B137530071B87C /* GTLRYouTubeService.m */; };
		6BBF3CA120B137530071B87C /* GTLRYouTubeObjects.m in Sources */ = {isa = PBXBuildFile; fileRef = 6BBF3C9620B137530071B87C /* GTLRYouTubeObjects.m */; };
		D96F99BB1B18987200715EEC /* main.m in Sources */ = {isa = PBXBuildFile; fileRef = D96F99BA1B18987200715EEC /* main.m */; };
		D96F99BE1B18987200715EEC /* AppDelegate.m in Sources */ = {isa = PBXBuildFile; fileRef = D96F99BD1B18987200715EEC /* AppDelegate.m */; };
		D96F99C11B18987200715EEC /* ViewController.m in Sources */ = {isa = PBXBuildFile; fileRef = D96F99C01B18987200715EEC /* ViewController.m */; };
		D96F99C41B18987200715EEC /* Main.storyboard in Resources */ = {isa = PBXBuildFile; fileRef = D96F99C21B18987200715EEC /* Main.storyboard */; };
		D96F99C61B18987200715EEC /* Images.xcassets in Resources */ = {isa = PBXBuildFile; fileRef = D96F99C51B18987200715EEC /* Images.xcassets */; };
		D96F99C91B18987200715EEC /* LaunchScreen.xib in Resources */ = {isa = PBXBuildFile; fileRef = D96F99C71B18987200715EEC /* LaunchScreen.xib */; };
		D96F99D51B18987200715EEC /* MFLYoutubeUploaderExampleTests.m in Sources */ = {isa = PBXBuildFile; fileRef = D96F99D41B18987200715EEC /* MFLYoutubeUploaderExampleTests.m */; };
		D96F99E41B18992300715EEC /* MFLYoutubeUploader.m in Sources */ = {isa = PBXBuildFile; fileRef = D96F99E01B18992300715EEC /* MFLYoutubeUploader.m */; };
		D96F99E51B18992300715EEC /* MFLYoutubeConstants.m in Sources */ = {isa = PBXBuildFile; fileRef = D96F99E31B18992300715EEC /* MFLYoutubeConstants.m */; };
		D96F99EF1B189D8500715EEC /* sample_iTunes.mov in Resources */ = {isa = PBXBuildFile; fileRef = D96F99EE1B189D8500715EEC /* sample_iTunes.mov */; };
/* End PBXBuildFile section */

/* Begin PBXContainerItemProxy section */
		6BBF3C7020B125B00071B87C /* PBXContainerItemProxy */ = {
			isa = PBXContainerItemProxy;
			containerPortal = 6BBF3C6520B125AF0071B87C /* GTLRCore.xcodeproj */;
			proxyType = 2;
			remoteGlobalIDString = 4F38F6A60B66E91D00B24B81;
			remoteInfo = GTLROSXCore;
		};
		6BBF3C7220B125B00071B87C /* PBXContainerItemProxy */ = {
			isa = PBXContainerItemProxy;
			containerPortal = 6BBF3C6520B125AF0071B87C /* GTLRCore.xcodeproj */;
			proxyType = 2;
			remoteGlobalIDString = F4469DB41C40229D00BCFAA1;
			remoteInfo = GTLRiOSCore;
		};
		6BBF3C7420B125B00071B87C /* PBXContainerItemProxy */ = {
			isa = PBXContainerItemProxy;
			containerPortal = 6BBF3C6520B125AF0071B87C /* GTLRCore.xcodeproj */;
			proxyType = 2;
			remoteGlobalIDString = F4A8723C1DAD1AA400D69E09;
			remoteInfo = GTLRtvOSCore;
		};
		6BBF3C7620B125B00071B87C /* PBXContainerItemProxy */ = {
			isa = PBXContainerItemProxy;
			containerPortal = 6BBF3C6520B125AF0071B87C /* GTLRCore.xcodeproj */;
			proxyType = 2;
			remoteGlobalIDString = F4B18FE41F10035400E55018;
			remoteInfo = GTLRwatchOSCore;
		};
		6BBF3C7820B125B00071B87C /* PBXContainerItemProxy */ = {
			isa = PBXContainerItemProxy;
			containerPortal = 6BBF3C6520B125AF0071B87C /* GTLRCore.xcodeproj */;
			proxyType = 2;
			remoteGlobalIDString = 4F12027D11A4CA2F00BEB470;
			remoteInfo = GTLROSXUnitTests;
		};
		6BBF3C7A20B125B00071B87C /* PBXContainerItemProxy */ = {
			isa = PBXContainerItemProxy;
			containerPortal = 6BBF3C6520B125AF0071B87C /* GTLRCore.xcodeproj */;
			proxyType = 2;
			remoteGlobalIDString = F4368F721B8233BF00E17643;
			remoteInfo = GTLRiOSUnitTests;
		};
		6BBF3C7C20B125B00071B87C /* PBXContainerItemProxy */ = {
			isa = PBXContainerItemProxy;
			containerPortal = 6BBF3C6520B125AF0071B87C /* GTLRCore.xcodeproj */;
			proxyType = 2;
			remoteGlobalIDString = F4A8727D1DAD1FA000D69E09;
			remoteInfo = GTLRtvOSUnitTests;
		};
		6BBF3C7E20B125B00071B87C /* PBXContainerItemProxy */ = {
			isa = PBXContainerItemProxy;
			containerPortal = 6BBF3C6520B125AF0071B87C /* GTLRCore.xcodeproj */;
			proxyType = 2;
			remoteGlobalIDString = 4F1AD9020B71603F00DC0485;
			remoteInfo = OSXDevTool;
		};
		6BBF3C8020B125C80071B87C /* PBXContainerItemProxy */ = {
			isa = PBXContainerItemProxy;
			containerPortal = 6BBF3C6520B125AF0071B87C /* GTLRCore.xcodeproj */;
			proxyType = 1;
			remoteGlobalIDString = F4469D791C40229D00BCFAA1;
			remoteInfo = GTLRiOSCore;
		};
		D96F99CF1B18987200715EEC /* PBXContainerItemProxy */ = {
			isa = PBXContainerItemProxy;
			containerPortal = D96F99AD1B18987200715EEC /* Project object */;
			proxyType = 1;
			remoteGlobalIDString = D96F99B41B18987200715EEC;
			remoteInfo = MFLYoutubeUploaderExample;
		};
/* End PBXContainerItemProxy section */

/* Begin PBXFileReference section */
		6BBF3C6520B125AF0071B87C /* GTLRCore.xcodeproj */ = {isa = PBXFileReference; lastKnownFileType = "wrapper.pb-project"; name = GTLRCore.xcodeproj; path = "../../../lib/google-api-objectivec-client-for-rest/Source/GTLRCore.xcodeproj"; sourceTree = "<group>"; };
		6BBF3C9120B137530071B87C /* GTLRYouTubeQuery.m */ = {isa = PBXFileReference; fileEncoding = 4; lastKnownFileType = sourcecode.c.objc; path = GTLRYouTubeQuery.m; sourceTree = "<group>"; };
		6BBF3C9220B137530071B87C /* GTLRYouTubeService.h */ = {isa = PBXFileReference; fileEncoding = 4; lastKnownFileType = sourcecode.c.h; path = GTLRYouTubeService.h; sourceTree = "<group>"; };
		6BBF3C9320B137530071B87C /* GTLRYouTubeObjects.h */ = {isa = PBXFileReference; fileEncoding = 4; lastKnownFileType = sourcecode.c.h; path = GTLRYouTubeObjects.h; sourceTree = "<group>"; };
		6BBF3C9420B137530071B87C /* GTLRYouTubeService.m */ = {isa = PBXFileReference; fileEncoding = 4; lastKnownFileType = sourcecode.c.objc; path = GTLRYouTubeService.m; sourceTree = "<group>"; };
		6BBF3C9520B137530071B87C /* GTLRYouTubeQuery.h */ = {isa = PBXFileReference; fileEncoding = 4; lastKnownFileType = sourcecode.c.h; path = GTLRYouTubeQuery.h; sourceTree = "<group>"; };
		6BBF3C9620B137530071B87C /* GTLRYouTubeObjects.m */ = {isa = PBXFileReference; fileEncoding = 4; lastKnownFileType = sourcecode.c.objc; path = GTLRYouTubeObjects.m; sourceTree = "<group>"; };
		6BBF3C9720B137530071B87C /* GTLRYouTube.h */ = {isa = PBXFileReference; fileEncoding = 4; lastKnownFileType = sourcecode.c.h; path = GTLRYouTube.h; sourceTree = "<group>"; };
		D96F99B51B18987200715EEC /* MFLYoutubeUploaderExample.app */ = {isa = PBXFileReference; explicitFileType = wrapper.application; includeInIndex = 0; path = MFLYoutubeUploaderExample.app; sourceTree = BUILT_PRODUCTS_DIR; };
		D96F99B91B18987200715EEC /* Info.plist */ = {isa = PBXFileReference; lastKnownFileType = text.plist.xml; path = Info.plist; sourceTree = "<group>"; };
		D96F99BA1B18987200715EEC /* main.m */ = {isa = PBXFileReference; lastKnownFileType = sourcecode.c.objc; path = main.m; sourceTree = "<group>"; };
		D96F99BC1B18987200715EEC /* AppDelegate.h */ = {isa = PBXFileReference; lastKnownFileType = sourcecode.c.h; path = AppDelegate.h; sourceTree = "<group>"; };
		D96F99BD1B18987200715EEC /* AppDelegate.m */ = {isa = PBXFileReference; lastKnownFileType = sourcecode.c.objc; path = AppDelegate.m; sourceTree = "<group>"; };
		D96F99BF1B18987200715EEC /* ViewController.h */ = {isa = PBXFileReference; lastKnownFileType = sourcecode.c.h; path = ViewController.h; sourceTree = "<group>"; };
		D96F99C01B18987200715EEC /* ViewController.m */ = {isa = PBXFileReference; lastKnownFileType = sourcecode.c.objc; path = ViewController.m; sourceTree = "<group>"; };
		D96F99C31B18987200715EEC /* Base */ = {isa = PBXFileReference; lastKnownFileType = file.storyboard; name = Base; path = Base.lproj/Main.storyboard; sourceTree = "<group>"; };
		D96F99C51B18987200715EEC /* Images.xcassets */ = {isa = PBXFileReference; lastKnownFileType = folder.assetcatalog; path = Images.xcassets; sourceTree = "<group>"; };
		D96F99C81B18987200715EEC /* Base */ = {isa = PBXFileReference; lastKnownFileType = file.xib; name = Base; path = Base.lproj/LaunchScreen.xib; sourceTree = "<group>"; };
		D96F99CE1B18987200715EEC /* MFLYoutubeUploaderExampleTests.xctest */ = {isa = PBXFileReference; explicitFileType = wrapper.cfbundle; includeInIndex = 0; path = MFLYoutubeUploaderExampleTests.xctest; sourceTree = BUILT_PRODUCTS_DIR; };
		D96F99D31B18987200715EEC /* Info.plist */ = {isa = PBXFileReference; lastKnownFileType = text.plist.xml; path = Info.plist; sourceTree = "<group>"; };
		D96F99D41B18987200715EEC /* MFLYoutubeUploaderExampleTests.m */ = {isa = PBXFileReference; lastKnownFileType = sourcecode.c.objc; path = MFLYoutubeUploaderExampleTests.m; sourceTree = "<group>"; };
		D96F99DF1B18992300715EEC /* MFLYoutubeUploader.h */ = {isa = PBXFileReference; fileEncoding = 4; lastKnownFileType = sourcecode.c.h; path = MFLYoutubeUploader.h; sourceTree = "<group>"; };
		D96F99E01B18992300715EEC /* MFLYoutubeUploader.m */ = {isa = PBXFileReference; fileEncoding = 4; lastKnownFileType = sourcecode.c.objc; path = MFLYoutubeUploader.m; sourceTree = "<group>"; };
		D96F99E21B18992300715EEC /* MFLYoutubeConstants.h */ = {isa = PBXFileReference; fileEncoding = 4; lastKnownFileType = sourcecode.c.h; path = MFLYoutubeConstants.h; sourceTree = "<group>"; };
		D96F99E31B18992300715EEC /* MFLYoutubeConstants.m */ = {isa = PBXFileReference; fileEncoding = 4; lastKnownFileType = sourcecode.c.objc; path = MFLYoutubeConstants.m; sourceTree = "<group>"; };
		D96F99EE1B189D8500715EEC /* sample_iTunes.mov */ = {isa = PBXFileReference; lastKnownFileType = video.quicktime; name = sample_iTunes.mov; path = MFLYoutubeUploaderExample/sample_iTunes.mov; sourceTree = SOURCE_ROOT; };
/* End PBXFileReference section */

/* Begin PBXFrameworksBuildPhase section */
		D96F99B21B18987200715EEC /* Frameworks */ = {
			isa = PBXFrameworksBuildPhase;
			buildActionMask = 2147483647;
			files = (
				6BBF3C8320B125CE0071B87C /* GTLR.framework in Frameworks */,
			);
			runOnlyForDeploymentPostprocessing = 0;
		};
		D96F99CB1B18987200715EEC /* Frameworks */ = {
			isa = PBXFrameworksBuildPhase;
			buildActionMask = 2147483647;
			files = (
			);
			runOnlyForDeploymentPostprocessing = 0;
		};
/* End PBXFrameworksBuildPhase section */

/* Begin PBXGroup section */
		6BBF3C6620B125AF0071B87C /* Products */ = {
			isa = PBXGroup;
			children = (
				6BBF3C7120B125B00071B87C /* GTLR.framework */,
				6BBF3C7320B125B00071B87C /* GTLR.framework */,
				6BBF3C7520B125B00071B87C /* GTLR.framework */,
				6BBF3C7720B125B00071B87C /* GTLRwatchOSCore.framework */,
				6BBF3C7920B125B00071B87C /* GTLROSXUnitTests.xctest */,
				6BBF3C7B20B125B00071B87C /* GTLRiOSUnitTests.xctest */,
				6BBF3C7D20B125B00071B87C /* GTLRtvOSUnitTests.xctest */,
				6BBF3C7F20B125B00071B87C /* OSXDevTool */,
			);
			name = Products;
			sourceTree = "<group>";
		};
		6BBF3C8220B125CE0071B87C /* Frameworks */ = {
			isa = PBXGroup;
			children = (
			);
			name = Frameworks;
			sourceTree = "<group>";
		};
		6BBF3C9020B137530071B87C /* YouTube */ = {
			isa = PBXGroup;
			children = (
				6BBF3C9120B137530071B87C /* GTLRYouTubeQuery.m */,
				6BBF3C9220B137530071B87C /* GTLRYouTubeService.h */,
				6BBF3C9320B137530071B87C /* GTLRYouTubeObjects.h */,
				6BBF3C9420B137530071B87C /* GTLRYouTubeService.m */,
				6BBF3C9520B137530071B87C /* GTLRYouTubeQuery.h */,
				6BBF3C9620B137530071B87C /* GTLRYouTubeObjects.m */,
				6BBF3C9720B137530071B87C /* GTLRYouTube.h */,
			);
			name = YouTube;
			path = "../../../lib/google-api-objectivec-client-for-rest/Source/GeneratedServices/YouTube";
			sourceTree = "<group>";
		};
		D96F99AC1B18987200715EEC = {
			isa = PBXGroup;
			children = (
				D96F99B71B18987200715EEC /* MFLYoutubeUploaderExample */,
				D96F99D11B18987200715EEC /* MFLYoutubeUploaderExampleTests */,
				D96F99B61B18987200715EEC /* Products */,
				6BBF3C8220B125CE0071B87C /* Frameworks */,
			);
			sourceTree = "<group>";
		};
		D96F99B61B18987200715EEC /* Products */ = {
			isa = PBXGroup;
			children = (
				D96F99B51B18987200715EEC /* MFLYoutubeUploaderExample.app */,
				D96F99CE1B18987200715EEC /* MFLYoutubeUploaderExampleTests.xctest */,
			);
			name = Products;
			sourceTree = "<group>";
		};
		D96F99B71B18987200715EEC /* MFLYoutubeUploaderExample */ = {
			isa = PBXGroup;
			children = (
				D96F99DE1B18992300715EEC /* Youtube Uploading */,
				D96F99BC1B18987200715EEC /* AppDelegate.h */,
				D96F99BD1B18987200715EEC /* AppDelegate.m */,
				D96F99BF1B18987200715EEC /* ViewController.h */,
				D96F99C01B18987200715EEC /* ViewController.m */,
				D96F99C21B18987200715EEC /* Main.storyboard */,
				D96F99C51B18987200715EEC /* Images.xcassets */,
				D96F99C71B18987200715EEC /* LaunchScreen.xib */,
				D96F99B81B18987200715EEC /* Supporting Files */,
			);
			path = MFLYoutubeUploaderExample;
			sourceTree = "<group>";
		};
		D96F99B81B18987200715EEC /* Supporting Files */ = {
			isa = PBXGroup;
			children = (
				D96F99B91B18987200715EEC /* Info.plist */,
				D96F99BA1B18987200715EEC /* main.m */,
			);
			name = "Supporting Files";
			sourceTree = "<group>";
		};
		D96F99D11B18987200715EEC /* MFLYoutubeUploaderExampleTests */ = {
			isa = PBXGroup;
			children = (
				D96F99D41B18987200715EEC /* MFLYoutubeUploaderExampleTests.m */,
				D96F99D21B18987200715EEC /* Supporting Files */,
			);
			path = MFLYoutubeUploaderExampleTests;
			sourceTree = "<group>";
		};
		D96F99D21B18987200715EEC /* Supporting Files */ = {
			isa = PBXGroup;
			children = (
				D96F99D31B18987200715EEC /* Info.plist */,
			);
			name = "Supporting Files";
			sourceTree = "<group>";
		};
		D96F99DE1B18992300715EEC /* Youtube Uploading */ = {
			isa = PBXGroup;
			children = (
				6BBF3C9020B137530071B87C /* YouTube */,
				6BBF3C6520B125AF0071B87C /* GTLRCore.xcodeproj */,
				D96F99EE1B189D8500715EEC /* sample_iTunes.mov */,
				D96F99DF1B18992300715EEC /* MFLYoutubeUploader.h */,
				D96F99E01B18992300715EEC /* MFLYoutubeUploader.m */,
				D96F99E11B18992300715EEC /* Upload Constants */,
			);
			path = "Youtube Uploading";
			sourceTree = "<group>";
		};
		D96F99E11B18992300715EEC /* Upload Constants */ = {
			isa = PBXGroup;
			children = (
				D96F99E21B18992300715EEC /* MFLYoutubeConstants.h */,
				D96F99E31B18992300715EEC /* MFLYoutubeConstants.m */,
			);
			path = "Upload Constants";
			sourceTree = "<group>";
		};
/* End PBXGroup section */

/* Begin PBXNativeTarget section */
		D96F99B41B18987200715EEC /* MFLYoutubeUploaderExample */ = {
			isa = PBXNativeTarget;
			buildConfigurationList = D96F99D81B18987200715EEC /* Build configuration list for PBXNativeTarget "MFLYoutubeUploaderExample" */;
			buildPhases = (
				D96F99B11B18987200715EEC /* Sources */,
				D96F99B21B18987200715EEC /* Frameworks */,
				D96F99B31B18987200715EEC /* Resources */,
			);
			buildRules = (
			);
			dependencies = (
				6BBF3C8120B125C80071B87C /* PBXTargetDependency */,
			);
			name = MFLYoutubeUploaderExample;
			productName = MFLYoutubeUploaderExample;
			productReference = D96F99B51B18987200715EEC /* MFLYoutubeUploaderExample.app */;
			productType = "com.apple.product-type.application";
		};
		D96F99CD1B18987200715EEC /* MFLYoutubeUploaderExampleTests */ = {
			isa = PBXNativeTarget;
			buildConfigurationList = D96F99DB1B18987200715EEC /* Build configuration list for PBXNativeTarget "MFLYoutubeUploaderExampleTests" */;
			buildPhases = (
				D96F99CA1B18987200715EEC /* Sources */,
				D96F99CB1B18987200715EEC /* Frameworks */,
				D96F99CC1B18987200715EEC /* Resources */,
			);
			buildRules = (
			);
			dependencies = (
				D96F99D01B18987200715EEC /* PBXTargetDependency */,
			);
			name = MFLYoutubeUploaderExampleTests;
			productName = MFLYoutubeUploaderExampleTests;
			productReference = D96F99CE1B18987200715EEC /* MFLYoutubeUploaderExampleTests.xctest */;
			productType = "com.apple.product-type.bundle.unit-test";
		};
/* End PBXNativeTarget section */

/* Begin PBXProject section */
		D96F99AD1B18987200715EEC /* Project object */ = {
			isa = PBXProject;
			attributes = {
				LastUpgradeCheck = 0630;
				ORGANIZATIONNAME = "TJ Fallon";
				TargetAttributes = {
					D96F99B41B18987200715EEC = {
						CreatedOnToolsVersion = 6.3;
					};
					D96F99CD1B18987200715EEC = {
						CreatedOnToolsVersion = 6.3;
						TestTargetID = D96F99B41B18987200715EEC;
					};
				};
			};
			buildConfigurationList = D96F99B01B18987200715EEC /* Build configuration list for PBXProject "MFLYoutubeUploaderExample" */;
			compatibilityVersion = "Xcode 3.2";
			developmentRegion = English;
			hasScannedForEncodings = 0;
			knownRegions = (
				en,
				Base,
			);
			mainGroup = D96F99AC1B18987200715EEC;
			productRefGroup = D96F99B61B18987200715EEC /* Products */;
			projectDirPath = "";
			projectReferences = (
				{
					ProductGroup = 6BBF3C6620B125AF0071B87C /* Products */;
					ProjectRef = 6BBF3C6520B125AF0071B87C /* GTLRCore.xcodeproj */;
				},
			);
			projectRoot = "";
			targets = (
				D96F99B41B18987200715EEC /* MFLYoutubeUploaderExample */,
				D96F99CD1B18987200715EEC /* MFLYoutubeUploaderExampleTests */,
			);
		};
/* End PBXProject section */

/* Begin PBXReferenceProxy section */
		6BBF3C7120B125B00071B87C /* GTLR.framework */ = {
			isa = PBXReferenceProxy;
			fileType = wrapper.framework;
			path = GTLR.framework;
			remoteRef = 6BBF3C7020B125B00071B87C /* PBXContainerItemProxy */;
			sourceTree = BUILT_PRODUCTS_DIR;
		};
		6BBF3C7320B125B00071B87C /* GTLR.framework */ = {
			isa = PBXReferenceProxy;
			fileType = wrapper.framework;
			path = GTLR.framework;
			remoteRef = 6BBF3C7220B125B00071B87C /* PBXContainerItemProxy */;
			sourceTree = BUILT_PRODUCTS_DIR;
		};
		6BBF3C7520B125B00071B87C /* GTLR.framework */ = {
			isa = PBXReferenceProxy;
			fileType = wrapper.framework;
			path = GTLR.framework;
			remoteRef = 6BBF3C7420B125B00071B87C /* PBXContainerItemProxy */;
			sourceTree = BUILT_PRODUCTS_DIR;
		};
		6BBF3C7720B125B00071B87C /* GTLRwatchOSCore.framework */ = {
			isa = PBXReferenceProxy;
			fileType = wrapper.framework;
			path = GTLRwatchOSCore.framework;
			remoteRef = 6BBF3C7620B125B00071B87C /* PBXContainerItemProxy */;
			sourceTree = BUILT_PRODUCTS_DIR;
		};
		6BBF3C7920B125B00071B87C /* GTLROSXUnitTests.xctest */ = {
			isa = PBXReferenceProxy;
			fileType = wrapper.cfbundle;
			path = GTLROSXUnitTests.xctest;
			remoteRef = 6BBF3C7820B125B00071B87C /* PBXContainerItemProxy */;
			sourceTree = BUILT_PRODUCTS_DIR;
		};
		6BBF3C7B20B125B00071B87C /* GTLRiOSUnitTests.xctest */ = {
			isa = PBXReferenceProxy;
			fileType = wrapper.cfbundle;
			path = GTLRiOSUnitTests.xctest;
			remoteRef = 6BBF3C7A20B125B00071B87C /* PBXContainerItemProxy */;
			sourceTree = BUILT_PRODUCTS_DIR;
		};
		6BBF3C7D20B125B00071B87C /* GTLRtvOSUnitTests.xctest */ = {
			isa = PBXReferenceProxy;
			fileType = wrapper.cfbundle;
			path = GTLRtvOSUnitTests.xctest;
			remoteRef = 6BBF3C7C20B125B00071B87C /* PBXContainerItemProxy */;
			sourceTree = BUILT_PRODUCTS_DIR;
		};
		6BBF3C7F20B125B00071B87C /* OSXDevTool */ = {
			isa = PBXReferenceProxy;
			fileType = "compiled.mach-o.executable";
			path = OSXDevTool;
			remoteRef = 6BBF3C7E20B125B00071B87C /* PBXContainerItemProxy */;
			sourceTree = BUILT_PRODUCTS_DIR;
		};
/* End PBXReferenceProxy section */

/* Begin PBXResourcesBuildPhase section */
		D96F99B31B18987200715EEC /* Resources */ = {
			isa = PBXResourcesBuildPhase;
			buildActionMask = 2147483647;
			files = (
				D96F99C41B18987200715EEC /* Main.storyboard in Resources */,
				D96F99C91B18987200715EEC /* LaunchScreen.xib in Resources */,
				D96F99EF1B189D8500715EEC /* sample_iTunes.mov in Resources */,
				D96F99C61B18987200715EEC /* Images.xcassets in Resources */,
			);
			runOnlyForDeploymentPostprocessing = 0;
		};
		D96F99CC1B18987200715EEC /* Resources */ = {
			isa = PBXResourcesBuildPhase;
			buildActionMask = 2147483647;
			files = (
			);
			runOnlyForDeploymentPostprocessing = 0;
		};
/* End PBXResourcesBuildPhase section */

/* Begin PBXSourcesBuildPhase section */
		D96F99B11B18987200715EEC /* Sources */ = {
			isa = PBXSourcesBuildPhase;
			buildActionMask = 2147483647;
			files = (
				D96F99C11B18987200715EEC /* ViewController.m in Sources */,
				6BBF3CA020B137530071B87C /* GTLRYouTubeService.m in Sources */,
				6BBF3C9F20B137530071B87C /* GTLRYouTubeQuery.m in Sources */,
				D96F99BE1B18987200715EEC /* AppDelegate.m in Sources */,
				D96F99BB1B18987200715EEC /* main.m in Sources */,
				D96F99E51B18992300715EEC /* MFLYoutubeConstants.m in Sources */,
				D96F99E41B18992300715EEC /* MFLYoutubeUploader.m in Sources */,
				6BBF3CA120B137530071B87C /* GTLRYouTubeObjects.m in Sources */,
			);
			runOnlyForDeploymentPostprocessing = 0;
		};
		D96F99CA1B18987200715EEC /* Sources */ = {
			isa = PBXSourcesBuildPhase;
			buildActionMask = 2147483647;
			files = (
				D96F99D51B18987200715EEC /* MFLYoutubeUploaderExampleTests.m in Sources */,
			);
			runOnlyForDeploymentPostprocessing = 0;
		};
/* End PBXSourcesBuildPhase section */

/* Begin PBXTargetDependency section */
		6BBF3C8120B125C80071B87C /* PBXTargetDependency */ = {
			isa = PBXTargetDependency;
			name = GTLRiOSCore;
			targetProxy = 6BBF3C8020B125C80071B87C /* PBXContainerItemProxy */;
		};
		D96F99D01B18987200715EEC /* PBXTargetDependency */ = {
			isa = PBXTargetDependency;
			target = D96F99B41B18987200715EEC /* MFLYoutubeUploaderExample */;
			targetProxy = D96F99CF1B18987200715EEC /* PBXContainerItemProxy */;
		};
/* End PBXTargetDependency section */

/* Begin PBXVariantGroup section */
		D96F99C21B18987200715EEC /* Main.storyboard */ = {
			isa = PBXVariantGroup;
			children = (
				D96F99C31B18987200715EEC /* Base */,
			);
			name = Main.storyboard;
			sourceTree = "<group>";
		};
		D96F99C71B18987200715EEC /* LaunchScreen.xib */ = {
			isa = PBXVariantGroup;
			children = (
				D96F99C81B18987200715EEC /* Base */,
			);
			name = LaunchScreen.xib;
			sourceTree = "<group>";
		};
/* End PBXVariantGroup section */

/* Begin XCBuildConfiguration section */
		D96F99D61B18987200715EEC /* Debug */ = {
			isa = XCBuildConfiguration;
			buildSettings = {
				ALWAYS_SEARCH_USER_PATHS = NO;
				CLANG_CXX_LANGUAGE_STANDARD = "gnu++0x";
				CLANG_CXX_LIBRARY = "libc++";
				CLANG_ENABLE_MODULES = YES;
				CLANG_ENABLE_OBJC_ARC = YES;
				CLANG_WARN_BOOL_CONVERSION = YES;
				CLANG_WARN_CONSTANT_CONVERSION = YES;
				CLANG_WARN_DIRECT_OBJC_ISA_USAGE = YES_ERROR;
				CLANG_WARN_EMPTY_BODY = YES;
				CLANG_WARN_ENUM_CONVERSION = YES;
				CLANG_WARN_INT_CONVERSION = YES;
				CLANG_WARN_OBJC_ROOT_CLASS = YES_ERROR;
				CLANG_WARN_UNREACHABLE_CODE = YES;
				CLANG_WARN__DUPLICATE_METHOD_MATCH = YES;
				"CODE_SIGN_IDENTITY[sdk=iphoneos*]" = "iPhone Developer";
				COPY_PHASE_STRIP = NO;
				DEBUG_INFORMATION_FORMAT = "dwarf-with-dsym";
				ENABLE_STRICT_OBJC_MSGSEND = YES;
				GCC_C_LANGUAGE_STANDARD = gnu99;
				GCC_DYNAMIC_NO_PIC = NO;
				GCC_NO_COMMON_BLOCKS = YES;
				GCC_OPTIMIZATION_LEVEL = 0;
				GCC_PREPROCESSOR_DEFINITIONS = (
					"DEBUG=1",
					"$(inherited)",
				);
				GCC_SYMBOLS_PRIVATE_EXTERN = NO;
				GCC_WARN_64_TO_32_BIT_CONVERSION = YES;
				GCC_WARN_ABOUT_RETURN_TYPE = YES_ERROR;
				GCC_WARN_UNDECLARED_SELECTOR = YES;
				GCC_WARN_UNINITIALIZED_AUTOS = YES_AGGRESSIVE;
				GCC_WARN_UNUSED_FUNCTION = YES;
				GCC_WARN_UNUSED_VARIABLE = YES;
				IPHONEOS_DEPLOYMENT_TARGET = 8.3;
				MTL_ENABLE_DEBUG_INFO = YES;
				ONLY_ACTIVE_ARCH = YES;
				SDKROOT = iphoneos;
				TARGETED_DEVICE_FAMILY = "1,2";
			};
			name = Debug;
		};
		D96F99D71B18987200715EEC /* Release */ = {
			isa = XCBuildConfiguration;
			buildSettings = {
				ALWAYS_SEARCH_USER_PATHS = NO;
				CLANG_CXX_LANGUAGE_STANDARD = "gnu++0x";
				CLANG_CXX_LIBRARY = "libc++";
				CLANG_ENABLE_MODULES = YES;
				CLANG_ENABLE_OBJC_ARC = YES;
				CLANG_WARN_BOOL_CONVERSION = YES;
				CLANG_WARN_CONSTANT_CONVERSION = YES;
				CLANG_WARN_DIRECT_OBJC_ISA_USAGE = YES_ERROR;
				CLANG_WARN_EMPTY_BODY = YES;
				CLANG_WARN_ENUM_CONVERSION = YES;
				CLANG_WARN_INT_CONVERSION = YES;
				CLANG_WARN_OBJC_ROOT_CLASS = YES_ERROR;
				CLANG_WARN_UNREACHABLE_CODE = YES;
				CLANG_WARN__DUPLICATE_METHOD_MATCH = YES;
				"CODE_SIGN_IDENTITY[sdk=iphoneos*]" = "iPhone Developer";
				COPY_PHASE_STRIP = NO;
				DEBUG_INFORMATION_FORMAT = "dwarf-with-dsym";
				ENABLE_NS_ASSERTIONS = NO;
				ENABLE_STRICT_OBJC_MSGSEND = YES;
				GCC_C_LANGUAGE_STANDARD = gnu99;
				GCC_NO_COMMON_BLOCKS = YES;
				GCC_WARN_64_TO_32_BIT_CONVERSION = YES;
				GCC_WARN_ABOUT_RETURN_TYPE = YES_ERROR;
				GCC_WARN_UNDECLARED_SELECTOR = YES;
				GCC_WARN_UNINITIALIZED_AUTOS = YES_AGGRESSIVE;
				GCC_WARN_UNUSED_FUNCTION = YES;
				GCC_WARN_UNUSED_VARIABLE = YES;
				IPHONEOS_DEPLOYMENT_TARGET = 8.3;
				MTL_ENABLE_DEBUG_INFO = NO;
				SDKROOT = iphoneos;
				TARGETED_DEVICE_FAMILY = "1,2";
				VALIDATE_PRODUCT = YES;
			};
			name = Release;
		};
		D96F99D91B18987200715EEC /* Debug */ = {
			isa = XCBuildConfiguration;
			buildSettings = {
				ASSETCATALOG_COMPILER_APPICON_NAME = AppIcon;
				HEADER_SEARCH_PATHS = (
					"$(inherited)",
					/Applications/Xcode.app/Contents/Developer/Toolchains/XcodeDefault.xctoolchain/usr/include,
					"\"$(SRCROOT)/../lib/google-api-objectivec-client-for-rest/Source\"/**",
				);
				INFOPLIST_FILE = MFLYoutubeUploaderExample/Info.plist;
				LD_RUNPATH_SEARCH_PATHS = "$(inherited) @executable_path/Frameworks";
				PRODUCT_NAME = "$(TARGET_NAME)";
			};
			name = Debug;
		};
		D96F99DA1B18987200715EEC /* Release */ = {
			isa = XCBuildConfiguration;
			buildSettings = {
				ASSETCATALOG_COMPILER_APPICON_NAME = AppIcon;
				HEADER_SEARCH_PATHS = (
					"$(inherited)",
					/Applications/Xcode.app/Contents/Developer/Toolchains/XcodeDefault.xctoolchain/usr/include,
					"\"$(SRCROOT)/../lib/google-api-objectivec-client-for-rest/Source\"/**",
				);
				INFOPLIST_FILE = MFLYoutubeUploaderExample/Info.plist;
				LD_RUNPATH_SEARCH_PATHS = "$(inherited) @executable_path/Frameworks";
				PRODUCT_NAME = "$(TARGET_NAME)";
			};
			name = Release;
		};
		D96F99DC1B18987200715EEC /* Debug */ = {
			isa = XCBuildConfiguration;
			buildSettings = {
				BUNDLE_LOADER = "$(TEST_HOST)";
				FRAMEWORK_SEARCH_PATHS = (
					"$(SDKROOT)/Developer/Library/Frameworks",
					"$(inherited)",
				);
				GCC_PREPROCESSOR_DEFINITIONS = (
					"DEBUG=1",
					"$(inherited)",
				);
				INFOPLIST_FILE = MFLYoutubeUploaderExampleTests/Info.plist;
				LD_RUNPATH_SEARCH_PATHS = "$(inherited) @executable_path/Frameworks @loader_path/Frameworks";
				PRODUCT_NAME = "$(TARGET_NAME)";
				TEST_HOST = "$(BUILT_PRODUCTS_DIR)/MFLYoutubeUploaderExample.app/MFLYoutubeUploaderExample";
			};
			name = Debug;
		};
		D96F99DD1B18987200715EEC /* Release */ = {
			isa = XCBuildConfiguration;
			buildSettings = {
				BUNDLE_LOADER = "$(TEST_HOST)";
				FRAMEWORK_SEARCH_PATHS = (
					"$(SDKROOT)/Developer/Library/Frameworks",
					"$(inherited)",
				);
				INFOPLIST_FILE = MFLYoutubeUploaderExampleTests/Info.plist;
				LD_RUNPATH_SEARCH_PATHS = "$(inherited) @executable_path/Frameworks @loader_path/Frameworks";
				PRODUCT_NAME = "$(TARGET_NAME)";
				TEST_HOST = "$(BUILT_PRODUCTS_DIR)/MFLYoutubeUploaderExample.app/MFLYoutubeUploaderExample";
			};
			name = Release;
		};
/* End XCBuildConfiguration section */

/* Begin XCConfigurationList section */
		D96F99B01B18987200715EEC /* Build configuration list for PBXProject "MFLYoutubeUploaderExample" */ = {
			isa = XCConfigurationList;
			buildConfigurations = (
				D96F99D61B18987200715EEC /* Debug */,
				D96F99D71B18987200715EEC /* Release */,
			);
			defaultConfigurationIsVisible = 0;
			defaultConfigurationName = Release;
		};
		D96F99D81B18987200715EEC /* Build configuration list for PBXNativeTarget "MFLYoutubeUploaderExample" */ = {
			isa = XCConfigurationList;
			buildConfigurations = (
				D96F99D91B18987200715EEC /* Debug */,
				D96F99DA1B18987200715EEC /* Release */,
			);
			defaultConfigurationIsVisible = 0;
			defaultConfigurationName = Release;
		};
		D96F99DB1B18987200715EEC /* Build configuration list for PBXNativeTarget "MFLYoutubeUploaderExampleTests" */ = {
			isa = XCConfigurationList;
			buildConfigurations = (
				D96F99DC1B18987200715EEC /* Debug */,
				D96F99DD1B18987200715EEC /* Release */,
			);
			defaultConfigurationIsVisible = 0;
			defaultConfigurationName = Release;
		};
/* End XCConfigurationList section */
	};
	rootObject = D96F99AD1B18987200715EEC /* Project object */;
}
